{
    "version": 3,
    "terraform_version": "0.7.3",
    "serial": 0,
    "lineage": "64d3c330-bb01-4646-958e-9c1fc82d9dd6",
    "modules": [
        {
            "path": [
                "root"
            ],
            "outputs": {},
            "resources": {
                "aws_instance.web": {
                    "type": "aws_instance",
                    "depends_on": [],
                    "primary": {
                        "id": "i-46624c5e",
                        "attributes": {
                            "ami": "ami-21f78e11",
                            "availability_zone": "us-west-2a",
                            "disable_api_termination": "false",
                            "ebs_block_device.#": "0",
                            "ebs_optimized": "false",
                            "ephemeral_block_device.#": "0",
                            "iam_instance_profile": "",
                            "id": "i-46624c5e",
                            "instance_state": "running",
                            "instance_type": "t1.micro",
                            "key_name": "test_key",
                            "monitoring": "false",
                            "network_interface_id": "eni-90de46de",
                            "private_dns": "ip-10-0-0-230.us-west-2.compute.internal",
                            "private_ip": "10.0.0.230",
                            "public_dns": "",
                            "public_ip": "",
                            "root_block_device.#": "1",
                            "root_block_device.0.delete_on_termination": "true",
                            "root_block_device.0.iops": "0",
                            "root_block_device.0.volume_size": "8",
                            "root_block_device.0.volume_type": "standard",
                            "security_groups.#": "0",
                            "source_dest_check": "true",
                            "subnet_id": "subnet-398bc84f",
                            "tags.%": "1",
                            "tags.Name": "test1",
                            "tenancy": "default",
                            "vpc_security_group_ids.#": "1",
                            "vpc_security_group_ids.3908469655": "sg-eb15ef92"
                        },
                        "meta": {
                            "schema_version": "1"
                        },
                        "tainted": false
                    },
                    "deposed": [],
                    "provider": ""
                }
            },
            "depends_on": []
        }
    ]
}
