{
    "version": 3,
    "terraform_version": "0.11.8",
    "serial": 15,
    "lineage": "32e5bb38-b9cb-fe18-4b9a-aec2d72d20d8",
    "modules": [
        {
            "path": [
                "root"
            ],
            "outputs": {
                "bastion": {
                    "sensitive": false,
                    "type": "map",
                    "value": {
                        "Instance_id": "i-0c333e8014138e720",
                        "Public_DNS": "ec2-18-211-229-54.compute-1.amazonaws.com",
                        "Public_IP": "18.211.229.54"
                    }
                },
                "internet_gateway": {
                    "sensitive": false,
                    "type": "string",
                    "value": "igw-0ceade36575cbae6a"
                },
                "private_route_table": {
                    "sensitive": false,
                    "type": "string",
                    "value": "rtb-0faeb3cb70ff0aed4"
                },
                "private_serv": {
                    "sensitive": false,
                    "type": "map",
                    "value": {
                        "Instance_id": [
                            "i-04a954c57e65f14b6,i-08fc58c86fa5bb922,i-06d9a0376c6df6da4"
                        ],
                        "Private_IPs": [
                            "10.10.30.206,10.10.40.236,10.10.50.227"
                        ]
                    }
                },
                "private_subnet": {
                    "sensitive": false,
                    "type": "list",
                    "value": [
                        "subnet-08ab4d80870a542ea",
                        "subnet-00e78a2640e89c3e3",
                        "subnet-04312ca142f4c48a4"
                    ]
                },
                "public_route_table": {
                    "sensitive": false,
                    "type": "string",
                    "value": "rtb-07ec722c3a1523b60"
                },
                "public_subnet": {
                    "sensitive": false,
                    "type": "string",
                    "value": "subnet-04a3e1af0c3573de9"
                },
                "vpc_id": {
                    "sensitive": false,
                    "type": "string",
                    "value": "vpc-0d678669732f30159"
                }
            },
            "resources": {
                "aws_eip.bastion": {
                    "type": "aws_eip",
                    "depends_on": [
                        "aws_instance.bastion"
                    ],
                    "primary": {
                        "id": "eipalloc-06192eef1fa1b233e",
                        "attributes": {
                            "association_id": "eipassoc-0baace2c4eb13bab4",
                            "domain": "vpc",
                            "id": "eipalloc-06192eef1fa1b233e",
                            "instance": "i-0c333e8014138e720",
                            "network_interface": "eni-0a8368c36f50c50f0",
                            "private_ip": "10.10.35.158",
                            "public_ip": "18.211.229.54",
                            "tags.%": "0",
                            "vpc": "true"
                        },
                        "meta": {
                            "e2bfb730-ecaa-11e6-8f88-34363bc7c4c0": {
                                "delete": 180000000000,
                                "read": 900000000000,
                                "update": 300000000000
                            }
                        },
                        "tainted": false
                    },
                    "deposed": [],
                    "provider": "provider.aws"
                },
                "aws_eip.nat_eip": {
                    "type": "aws_eip",
                    "depends_on": [],
                    "primary": {
                        "id": "eipalloc-0838c192af40231a6",
                        "attributes": {
                            "association_id": "eipassoc-488c2fb4",
                            "domain": "vpc",
                            "id": "eipalloc-0838c192af40231a6",
                            "instance": "",
                            "network_interface": "eni-0ec59a83f4aa99f6a",
                            "private_ip": "10.10.35.197",
                            "public_ip": "54.166.197.209",
                            "tags.%": "0",
                            "vpc": "true"
                        },
                        "meta": {
                            "e2bfb730-ecaa-11e6-8f88-34363bc7c4c0": {
                                "delete": 180000000000,
                                "read": 900000000000,
                                "update": 300000000000
                            }
                        },
                        "tainted": false
                    },
                    "deposed": [],
                    "provider": "provider.aws"
                },
                "aws_iam_instance_profile.ECSRoleToEC2": {
                    "type": "aws_iam_instance_profile",
                    "depends_on": [
                        "aws_iam_role.ecs"
                    ],
                    "primary": {
                        "id": "ECSRoleToEC2",
                        "attributes": {
                            "arn": "arn:aws:iam::758637906269:instance-profile/ECSRoleToEC2",
                            "create_date": "2018-11-09T16:13:12Z",
                            "id": "ECSRoleToEC2",
                            "name": "ECSRoleToEC2",
                            "path": "/",
                            "role": "ecs_role",
                            "roles.#": "1",
                            "roles.112154061": "ecs_role",
                            "unique_id": "AIPAJMJZDQ73CJCAX6E4O"
                        },
                        "meta": {},
                        "tainted": false
                    },
                    "deposed": [],
                    "provider": "provider.aws"
                },
                "aws_iam_policy_attachment.ECSserviceFullAccessRoleattach": {
                    "type": "aws_iam_policy_attachment",
                    "depends_on": [
                        "aws_iam_role.ecs"
                    ],
                    "primary": {
                        "id": "ECSserviceFullAccessRoleattach",
                        "attributes": {
                            "groups.#": "0",
                            "id": "ECSserviceFullAccessRoleattach",
                            "name": "ECSserviceFullAccessRoleattach",
                            "policy_arn": "arn:aws:iam::aws:policy/AmazonEC2ContainerServiceFullAccess",
                            "roles.#": "1",
                            "roles.112154061": "ecs_role",
                            "users.#": "0"
                        },
                        "meta": {},
                        "tainted": false
                    },
                    "deposed": [],
                    "provider": "provider.aws"
                },
                "aws_iam_policy_attachment.RegistryFullAccessRoleattach": {
                    "type": "aws_iam_policy_attachment",
                    "depends_on": [
                        "aws_iam_role.ecs"
                    ],
                    "primary": {
                        "id": "RegistryFullAccessRoleattach",
                        "attributes": {
                            "groups.#": "0",
                            "id": "RegistryFullAccessRoleattach",
                            "name": "RegistryFullAccessRoleattach",
                            "policy_arn": "arn:aws:iam::aws:policy/AmazonEC2ContainerRegistryFullAccess",
                            "roles.#": "1",
                            "roles.112154061": "ecs_role",
                            "users.#": "0"
                        },
                        "meta": {},
                        "tainted": false
                    },
                    "deposed": [],
                    "provider": "provider.aws"
                },
                "aws_iam_policy_attachment.ServiceforEC2Roleattach": {
                    "type": "aws_iam_policy_attachment",
                    "depends_on": [
                        "aws_iam_role.ecs"
                    ],
                    "primary": {
                        "id": "ServiceforEC2Roleattach",
                        "attributes": {
                            "groups.#": "0",
                            "id": "ServiceforEC2Roleattach",
                            "name": "ServiceforEC2Roleattach",
                            "policy_arn": "arn:aws:iam::aws:policy/service-role/AmazonEC2ContainerServiceforEC2Role",
                            "roles.#": "1",
                            "roles.112154061": "ecs_role",
                            "users.#": "0"
                        },
                        "meta": {},
                        "tainted": false
                    },
                    "deposed": [],
                    "provider": "provider.aws"
                },
                "aws_iam_role.ecs": {
                    "type": "aws_iam_role",
                    "depends_on": [],
                    "primary": {
                        "id": "ecs_role",
                        "attributes": {
                            "arn": "arn:aws:iam::758637906269:role/ecs_role",
                            "assume_role_policy": "{\"Version\":\"2012-10-17\",\"Statement\":[{\"Sid\":\"\",\"Effect\":\"Allow\",\"Principal\":{\"Service\":\"ecs.amazonaws.com\"},\"Action\":\"sts:AssumeRole\"}]}",
                            "create_date": "2018-11-09T16:13:12Z",
                            "description": "",
                            "force_detach_policies": "false",
                            "id": "ecs_role",
                            "max_session_duration": "3600",
                            "name": "ecs_role",
                            "path": "/",
                            "unique_id": "AROAINKSFTCD35QFOOQCO"
                        },
                        "meta": {},
                        "tainted": false
                    },
                    "deposed": [],
                    "provider": "provider.aws"
                },
                "aws_instance.bastion": {
                    "type": "aws_instance",
                    "depends_on": [
                        "aws_key_pair.ssh_key_pair",
                        "aws_security_group.bastion",
                        "aws_subnet.public_subnet"
                    ],
                    "primary": {
                        "id": "i-0c333e8014138e720",
                        "attributes": {
                            "ami": "ami-0efacdc5af3268b6e",
                            "arn": "arn:aws:ec2:us-east-1:758637906269:instance/i-0c333e8014138e720",
                            "associate_public_ip_address": "true",
                            "availability_zone": "us-east-1a",
                            "cpu_core_count": "1",
                            "cpu_threads_per_core": "1",
                            "credit_specification.#": "1",
                            "credit_specification.0.cpu_credits": "standard",
                            "disable_api_termination": "false",
                            "ebs_block_device.#": "0",
                            "ebs_optimized": "false",
                            "ephemeral_block_device.#": "0",
                            "get_password_data": "false",
                            "iam_instance_profile": "",
                            "id": "i-0c333e8014138e720",
                            "instance_state": "running",
                            "instance_type": "t2.micro",
                            "ipv6_addresses.#": "0",
                            "key_name": "ssh-key",
                            "monitoring": "false",
                            "network_interface.#": "0",
                            "network_interface_id": "eni-0a8368c36f50c50f0",
                            "password_data": "",
                            "placement_group": "",
                            "primary_network_interface_id": "eni-0a8368c36f50c50f0",
                            "private_dns": "ip-10-10-35-158.ec2.internal",
                            "private_ip": "10.10.35.158",
                            "public_dns": "ec2-18-211-229-54.compute-1.amazonaws.com",
                            "public_ip": "18.211.229.54",
                            "root_block_device.#": "1",
                            "root_block_device.0.delete_on_termination": "true",
                            "root_block_device.0.iops": "100",
                            "root_block_device.0.volume_id": "vol-0e575032862236cf0",
                            "root_block_device.0.volume_size": "8",
                            "root_block_device.0.volume_type": "gp2",
                            "security_groups.#": "0",
                            "source_dest_check": "true",
                            "subnet_id": "subnet-04a3e1af0c3573de9",
                            "tags.%": "2",
                            "tags.Environment": "tera",
                            "tags.Name": "tera-bastion",
                            "tenancy": "default",
                            "volume_tags.%": "0",
                            "vpc_security_group_ids.#": "1",
                            "vpc_security_group_ids.2749103456": "sg-04b2897ed994286cf"
                        },
                        "meta": {
                            "e2bfb730-ecaa-11e6-8f88-34363bc7c4c0": {
                                "create": 600000000000,
                                "delete": 1200000000000,
                                "update": 600000000000
                            },
                            "schema_version": "1"
                        },
                        "tainted": false
                    },
                    "deposed": [],
                    "provider": "provider.aws"
                },
                "aws_instance.private_subnet_serv.0": {
                    "type": "aws_instance",
                    "depends_on": [
                        "aws_iam_instance_profile.ECSRoleToEC2",
                        "aws_key_pair.ssh_key_pair",
                        "aws_security_group.private-subnet-serv",
                        "aws_subnet.private_subnet.*",
                        "data.template_file.userdata"
                    ],
                    "primary": {
                        "id": "i-04a954c57e65f14b6",
                        "attributes": {
                            "ami": "ami-0efacdc5af3268b6e",
                            "arn": "arn:aws:ec2:us-east-1:758637906269:instance/i-04a954c57e65f14b6",
                            "associate_public_ip_address": "false",
                            "availability_zone": "us-east-1a",
                            "cpu_core_count": "1",
                            "cpu_threads_per_core": "1",
                            "credit_specification.#": "1",
                            "credit_specification.0.cpu_credits": "standard",
                            "disable_api_termination": "false",
                            "ebs_block_device.#": "0",
                            "ebs_optimized": "false",
                            "ephemeral_block_device.#": "0",
                            "get_password_data": "false",
                            "iam_instance_profile": "ECSRoleToEC2",
                            "id": "i-04a954c57e65f14b6",
                            "instance_state": "running",
                            "instance_type": "t2.micro",
                            "ipv6_addresses.#": "0",
                            "key_name": "ssh-key",
                            "monitoring": "false",
                            "network_interface.#": "0",
                            "network_interface_id": "eni-097fe68598022dba5",
                            "password_data": "",
                            "placement_group": "",
                            "primary_network_interface_id": "eni-097fe68598022dba5",
                            "private_dns": "ip-10-10-30-206.ec2.internal",
                            "private_ip": "10.10.30.206",
                            "public_dns": "",
                            "public_ip": "",
                            "root_block_device.#": "1",
                            "root_block_device.0.delete_on_termination": "true",
                            "root_block_device.0.iops": "100",
                            "root_block_device.0.volume_id": "vol-0d611debaf963a9dc",
                            "root_block_device.0.volume_size": "8",
                            "root_block_device.0.volume_type": "gp2",
                            "security_groups.#": "0",
                            "source_dest_check": "true",
                            "subnet_id": "subnet-08ab4d80870a542ea",
                            "tags.%": "2",
                            "tags.Environment": "tera",
                            "tags.Name": "ecs-node-0",
                            "tenancy": "default",
                            "user_data": "3d6f835c52e3f73d57753a071560ec94c0b467b5",
                            "volume_tags.%": "0",
                            "vpc_security_group_ids.#": "1",
                            "vpc_security_group_ids.1939690389": "sg-0230ab54786bad5ee"
                        },
                        "meta": {
                            "e2bfb730-ecaa-11e6-8f88-34363bc7c4c0": {
                                "create": 600000000000,
                                "delete": 1200000000000,
                                "update": 600000000000
                            },
                            "schema_version": "1"
                        },
                        "tainted": false
                    },
                    "deposed": [],
                    "provider": "provider.aws"
                },
                "aws_instance.private_subnet_serv.1": {
                    "type": "aws_instance",
                    "depends_on": [
                        "aws_iam_instance_profile.ECSRoleToEC2",
                        "aws_key_pair.ssh_key_pair",
                        "aws_security_group.private-subnet-serv",
                        "aws_subnet.private_subnet.*",
                        "data.template_file.userdata"
                    ],
                    "primary": {
                        "id": "i-08fc58c86fa5bb922",
                        "attributes": {
                            "ami": "ami-0efacdc5af3268b6e",
                            "arn": "arn:aws:ec2:us-east-1:758637906269:instance/i-08fc58c86fa5bb922",
                            "associate_public_ip_address": "false",
                            "availability_zone": "us-east-1b",
                            "cpu_core_count": "1",
                            "cpu_threads_per_core": "1",
                            "credit_specification.#": "1",
                            "credit_specification.0.cpu_credits": "standard",
                            "disable_api_termination": "false",
                            "ebs_block_device.#": "0",
                            "ebs_optimized": "false",
                            "ephemeral_block_device.#": "0",
                            "get_password_data": "false",
                            "iam_instance_profile": "ECSRoleToEC2",
                            "id": "i-08fc58c86fa5bb922",
                            "instance_state": "running",
                            "instance_type": "t2.micro",
                            "ipv6_addresses.#": "0",
                            "key_name": "ssh-key",
                            "monitoring": "false",
                            "network_interface.#": "0",
                            "network_interface_id": "eni-040078795d8501db6",
                            "password_data": "",
                            "placement_group": "",
                            "primary_network_interface_id": "eni-040078795d8501db6",
                            "private_dns": "ip-10-10-40-236.ec2.internal",
                            "private_ip": "10.10.40.236",
                            "public_dns": "",
                            "public_ip": "",
                            "root_block_device.#": "1",
                            "root_block_device.0.delete_on_termination": "true",
                            "root_block_device.0.iops": "100",
                            "root_block_device.0.volume_id": "vol-0ed77f355eb33fe49",
                            "root_block_device.0.volume_size": "8",
                            "root_block_device.0.volume_type": "gp2",
                            "security_groups.#": "0",
                            "source_dest_check": "true",
                            "subnet_id": "subnet-00e78a2640e89c3e3",
                            "tags.%": "2",
                            "tags.Environment": "tera",
                            "tags.Name": "ecs-node-1",
                            "tenancy": "default",
                            "user_data": "3d6f835c52e3f73d57753a071560ec94c0b467b5",
                            "volume_tags.%": "0",
                            "vpc_security_group_ids.#": "1",
                            "vpc_security_group_ids.1939690389": "sg-0230ab54786bad5ee"
                        },
                        "meta": {
                            "e2bfb730-ecaa-11e6-8f88-34363bc7c4c0": {
                                "create": 600000000000,
                                "delete": 1200000000000,
                                "update": 600000000000
                            },
                            "schema_version": "1"
                        },
                        "tainted": false
                    },
                    "deposed": [],
                    "provider": "provider.aws"
                },
                "aws_instance.private_subnet_serv.2": {
                    "type": "aws_instance",
                    "depends_on": [
                        "aws_iam_instance_profile.ECSRoleToEC2",
                        "aws_key_pair.ssh_key_pair",
                        "aws_security_group.private-subnet-serv",
                        "aws_subnet.private_subnet.*",
                        "data.template_file.userdata"
                    ],
                    "primary": {
                        "id": "i-06d9a0376c6df6da4",
                        "attributes": {
                            "ami": "ami-0efacdc5af3268b6e",
                            "arn": "arn:aws:ec2:us-east-1:758637906269:instance/i-06d9a0376c6df6da4",
                            "associate_public_ip_address": "false",
                            "availability_zone": "us-east-1c",
                            "cpu_core_count": "1",
                            "cpu_threads_per_core": "1",
                            "credit_specification.#": "1",
                            "credit_specification.0.cpu_credits": "standard",
                            "disable_api_termination": "false",
                            "ebs_block_device.#": "0",
                            "ebs_optimized": "false",
                            "ephemeral_block_device.#": "0",
                            "get_password_data": "false",
                            "iam_instance_profile": "ECSRoleToEC2",
                            "id": "i-06d9a0376c6df6da4",
                            "instance_state": "running",
                            "instance_type": "t2.micro",
                            "ipv6_addresses.#": "0",
                            "key_name": "ssh-key",
                            "monitoring": "false",
                            "network_interface.#": "0",
                            "network_interface_id": "eni-03d980ba0d074ce47",
                            "password_data": "",
                            "placement_group": "",
                            "primary_network_interface_id": "eni-03d980ba0d074ce47",
                            "private_dns": "ip-10-10-50-227.ec2.internal",
                            "private_ip": "10.10.50.227",
                            "public_dns": "",
                            "public_ip": "",
                            "root_block_device.#": "1",
                            "root_block_device.0.delete_on_termination": "true",
                            "root_block_device.0.iops": "100",
                            "root_block_device.0.volume_id": "vol-01e8f13d35949a36c",
                            "root_block_device.0.volume_size": "8",
                            "root_block_device.0.volume_type": "gp2",
                            "security_groups.#": "0",
                            "source_dest_check": "true",
                            "subnet_id": "subnet-04312ca142f4c48a4",
                            "tags.%": "2",
                            "tags.Environment": "tera",
                            "tags.Name": "ecs-node-2",
                            "tenancy": "default",
                            "user_data": "3d6f835c52e3f73d57753a071560ec94c0b467b5",
                            "volume_tags.%": "0",
                            "vpc_security_group_ids.#": "1",
                            "vpc_security_group_ids.1939690389": "sg-0230ab54786bad5ee"
                        },
                        "meta": {
                            "e2bfb730-ecaa-11e6-8f88-34363bc7c4c0": {
                                "create": 600000000000,
                                "delete": 1200000000000,
                                "update": 600000000000
                            },
                            "schema_version": "1"
                        },
                        "tainted": false
                    },
                    "deposed": [],
                    "provider": "provider.aws"
                },
                "aws_instance.private_subnet_serv1": {
                    "type": "aws_instance",
                    "depends_on": [
                        "aws_iam_instance_profile.ECSRoleToEC2",
                        "aws_key_pair.ssh_key_pair",
                        "aws_security_group.private-subnet-serv",
                        "aws_subnet.private_subnet.*",
                        "data.template_file.userdata"
                    ],
                    "primary": {
                        "id": "i-0ef16f73e691617b4",
                        "attributes": {
                            "ami": "ami-0efacdc5af3268b6e",
                            "arn": "arn:aws:ec2:us-east-1:758637906269:instance/i-0ef16f73e691617b4",
                            "associate_public_ip_address": "false",
                            "availability_zone": "us-east-1a",
                            "cpu_core_count": "1",
                            "cpu_threads_per_core": "1",
                            "credit_specification.#": "1",
                            "credit_specification.0.cpu_credits": "standard",
                            "disable_api_termination": "false",
                            "ebs_block_device.#": "0",
                            "ebs_optimized": "false",
                            "ephemeral_block_device.#": "0",
                            "get_password_data": "false",
                            "iam_instance_profile": "ECSRoleToEC2",
                            "id": "i-0ef16f73e691617b4",
                            "instance_state": "running",
                            "instance_type": "t2.micro",
                            "ipv6_addresses.#": "0",
                            "key_name": "ssh-key",
                            "monitoring": "false",
                            "network_interface.#": "0",
                            "network_interface_id": "eni-0cb9da5f575eb9e1d",
                            "password_data": "",
                            "placement_group": "",
                            "primary_network_interface_id": "eni-0cb9da5f575eb9e1d",
                            "private_dns": "ip-10-10-30-31.ec2.internal",
                            "private_ip": "10.10.30.31",
                            "public_dns": "",
                            "public_ip": "",
                            "root_block_device.#": "1",
                            "root_block_device.0.delete_on_termination": "true",
                            "root_block_device.0.iops": "100",
                            "root_block_device.0.volume_id": "vol-0f889b3cd45fd457e",
                            "root_block_device.0.volume_size": "8",
                            "root_block_device.0.volume_type": "gp2",
                            "security_groups.#": "0",
                            "source_dest_check": "true",
                            "subnet_id": "subnet-08ab4d80870a542ea",
                            "tags.%": "2",
                            "tags.Environment": "tera",
                            "tags.Name": "ecs-master-0",
                            "tenancy": "default",
                            "user_data": "3d6f835c52e3f73d57753a071560ec94c0b467b5",
                            "volume_tags.%": "0",
                            "vpc_security_group_ids.#": "1",
                            "vpc_security_group_ids.1939690389": "sg-0230ab54786bad5ee"
                        },
                        "meta": {
                            "e2bfb730-ecaa-11e6-8f88-34363bc7c4c0": {
                                "create": 600000000000,
                                "delete": 1200000000000,
                                "update": 600000000000
                            },
                            "schema_version": "1"
                        },
                        "tainted": false
                    },
                    "deposed": [],
                    "provider": "provider.aws"
                },
                "aws_internet_gateway.internet_gateway": {
                    "type": "aws_internet_gateway",
                    "depends_on": [
                        "aws_vpc.vpc"
                    ],
                    "primary": {
                        "id": "igw-0ceade36575cbae6a",
                        "attributes": {
                            "id": "igw-0ceade36575cbae6a",
                            "tags.%": "2",
                            "tags.Environment": "tera",
                            "tags.Name": "tera-gateway",
                            "vpc_id": "vpc-0d678669732f30159"
                        },
                        "meta": {},
                        "tainted": false
                    },
                    "deposed": [],
                    "provider": "provider.aws"
                },
                "aws_key_pair.ssh_key_pair": {
                    "type": "aws_key_pair",
                    "depends_on": [],
                    "primary": {
                        "id": "ssh-key",
                        "attributes": {
                            "fingerprint": "13:d4:df:85:9d:a8:5b:c9:d4:17:d1:fa:b9:51:a3:16",
                            "id": "ssh-key",
                            "key_name": "ssh-key",
                            "public_key": "ssh-rsa AAAAB3NzaC1yc2EAAAADAQABAAABAQDXIknSurzjG5JgIua80WJtZxk/pBq4cYebJmNjt9Esc9wj+euv1ysduDzYv21Ah0O68cRDc5n2D8oTc1aEuMaStzK2HFXlyAo7tJvGtPkLvdYreP7KMXZ5zK+OZf4I1OiiLlPpk41USJOiURKLPLXvss5Os8Dgk+9MpDUpDtT/iN+SaLQcdvVYhT/WjqDgflPCX+pPB5Q5vNYNT8q5KzeQZiEO2etLkz7iIn9uKLMBaD/6xGek8bVwjUCbDiru8xHaYqMPfc9ln/kyqv5DMSAFrV7bW/D/G2+xH9DoS7F2clOd5hOQvba0UnbFmIjrc4wFvjqZjPhjFQ9+KWVmwdkf root@ip-172-31-7-159"
                        },
                        "meta": {
                            "schema_version": "1"
                        },
                        "tainted": false
                    },
                    "deposed": [],
                    "provider": "provider.aws"
                },
                "aws_lb.main": {
                    "type": "aws_lb",
                    "depends_on": [
                        "aws_security_group.elb",
                        "aws_subnet.private_subnet.*"
                    ],
                    "primary": {
                        "id": "arn:aws:elasticloadbalancing:us-east-1:758637906269:loadbalancer/app/test/d158a44b67f75d80",
                        "attributes": {
                            "access_logs.#": "1",
                            "access_logs.0.bucket": "tera-2",
                            "access_logs.0.enabled": "true",
                            "access_logs.0.prefix": "tera-2",
                            "arn": "arn:aws:elasticloadbalancing:us-east-1:758637906269:loadbalancer/app/test/d158a44b67f75d80",
                            "arn_suffix": "app/test/d158a44b67f75d80",
                            "dns_name": "internal-test-1071469375.us-east-1.elb.amazonaws.com",
                            "enable_deletion_protection": "false",
                            "enable_http2": "true",
                            "id": "arn:aws:elasticloadbalancing:us-east-1:758637906269:loadbalancer/app/test/d158a44b67f75d80",
                            "idle_timeout": "60",
                            "internal": "true",
                            "ip_address_type": "ipv4",
                            "load_balancer_type": "application",
                            "name": "test",
                            "security_groups.#": "1",
                            "security_groups.1688143460": "sg-0c308aedc8c359816",
                            "subnet_mapping.#": "0",
                            "subnets.#": "3",
                            "subnets.1763885488": "subnet-00e78a2640e89c3e3",
                            "subnets.2136841619": "subnet-08ab4d80870a542ea",
                            "subnets.3934071816": "subnet-04312ca142f4c48a4",
                            "tags.%": "1",
                            "tags.Name": "test",
                            "vpc_id": "vpc-0d678669732f30159",
                            "zone_id": "Z35SXDOTRQ7X7K"
                        },
                        "meta": {
                            "e2bfb730-ecaa-11e6-8f88-34363bc7c4c0": {
                                "create": 600000000000,
                                "delete": 600000000000,
                                "update": 600000000000
                            }
                        },
                        "tainted": false
                    },
                    "deposed": [],
                    "provider": "provider.aws"
                },
                "aws_lb_listener.frontend_http_tcp": {
                    "type": "aws_lb_listener",
                    "depends_on": [
                        "aws_lb.main",
                        "aws_lb_target_group.main.*"
                    ],
                    "primary": {
                        "id": "arn:aws:elasticloadbalancing:us-east-1:758637906269:listener/app/test/d158a44b67f75d80/a785e1a482954b72",
                        "attributes": {
                            "arn": "arn:aws:elasticloadbalancing:us-east-1:758637906269:listener/app/test/d158a44b67f75d80/a785e1a482954b72",
                            "default_action.#": "1",
                            "default_action.0.authenticate_cognito.#": "0",
                            "default_action.0.authenticate_oidc.#": "0",
                            "default_action.0.fixed_response.#": "0",
                            "default_action.0.order": "1",
                            "default_action.0.redirect.#": "0",
                            "default_action.0.target_group_arn": "arn:aws:elasticloadbalancing:us-east-1:758637906269:targetgroup/backend1/7ceba7536f3ff27c",
                            "default_action.0.type": "forward",
                            "id": "arn:aws:elasticloadbalancing:us-east-1:758637906269:listener/app/test/d158a44b67f75d80/a785e1a482954b72",
                            "load_balancer_arn": "arn:aws:elasticloadbalancing:us-east-1:758637906269:loadbalancer/app/test/d158a44b67f75d80",
                            "port": "80",
                            "protocol": "HTTP",
                            "ssl_policy": ""
                        },
                        "meta": {
                            "e2bfb730-ecaa-11e6-8f88-34363bc7c4c0": {
                                "read": 600000000000
                            }
                        },
                        "tainted": false
                    },
                    "deposed": [],
                    "provider": "provider.aws"
                },
                "aws_lb_target_group.main": {
                    "type": "aws_lb_target_group",
                    "depends_on": [
                        "aws_lb.main",
                        "aws_vpc.vpc"
                    ],
                    "primary": {
                        "id": "arn:aws:elasticloadbalancing:us-east-1:758637906269:targetgroup/backend1/7ceba7536f3ff27c",
                        "attributes": {
                            "arn": "arn:aws:elasticloadbalancing:us-east-1:758637906269:targetgroup/backend1/7ceba7536f3ff27c",
                            "arn_suffix": "targetgroup/backend1/7ceba7536f3ff27c",
                            "deregistration_delay": "300",
                            "health_check.#": "1",
                            "health_check.0.healthy_threshold": "3",
                            "health_check.0.interval": "20",
                            "health_check.0.matcher": "200-299",
                            "health_check.0.path": "/",
                            "health_check.0.port": "80",
                            "health_check.0.protocol": "HTTP",
                            "health_check.0.timeout": "7",
                            "health_check.0.unhealthy_threshold": "3",
                            "id": "arn:aws:elasticloadbalancing:us-east-1:758637906269:targetgroup/backend1/7ceba7536f3ff27c",
                            "name": "backend1",
                            "port": "8080",
                            "protocol": "HTTP",
                            "proxy_protocol_v2": "false",
                            "slow_start": "0",
                            "stickiness.#": "1",
                            "stickiness.0.cookie_duration": "86400",
                            "stickiness.0.enabled": "false",
                            "stickiness.0.type": "lb_cookie",
                            "tags.%": "1",
                            "tags.Name": "backend1",
                            "target_type": "ip",
                            "vpc_id": "vpc-0d678669732f30159"
                        },
                        "meta": {},
                        "tainted": false
                    },
                    "deposed": [],
                    "provider": "provider.aws"
                },
                "aws_lb_target_group_attachment.attachments.0": {
                    "type": "aws_lb_target_group_attachment",
                    "depends_on": [
                        "aws_instance.private_subnet_serv.*",
                        "aws_lb_target_group.main.*"
                    ],
                    "primary": {
                        "id": "arn:aws:elasticloadbalancing:us-east-1:758637906269:targetgroup/backend1/7ceba7536f3ff27c-20181109164728546800000003",
                        "attributes": {
                            "id": "arn:aws:elasticloadbalancing:us-east-1:758637906269:targetgroup/backend1/7ceba7536f3ff27c-20181109164728546800000003",
                            "port": "8080",
                            "target_group_arn": "arn:aws:elasticloadbalancing:us-east-1:758637906269:targetgroup/backend1/7ceba7536f3ff27c",
                            "target_id": "10.10.30.206"
                        },
                        "meta": {},
                        "tainted": false
                    },
                    "deposed": [],
                    "provider": "provider.aws"
                },
                "aws_lb_target_group_attachment.attachments.1": {
                    "type": "aws_lb_target_group_attachment",
                    "depends_on": [
                        "aws_instance.private_subnet_serv.*",
                        "aws_lb_target_group.main.*"
                    ],
                    "primary": {
                        "id": "arn:aws:elasticloadbalancing:us-east-1:758637906269:targetgroup/backend1/7ceba7536f3ff27c-20181109164728178700000002",
                        "attributes": {
                            "id": "arn:aws:elasticloadbalancing:us-east-1:758637906269:targetgroup/backend1/7ceba7536f3ff27c-20181109164728178700000002",
                            "port": "8080",
                            "target_group_arn": "arn:aws:elasticloadbalancing:us-east-1:758637906269:targetgroup/backend1/7ceba7536f3ff27c",
                            "target_id": "10.10.40.236"
                        },
                        "meta": {},
                        "tainted": false
                    },
                    "deposed": [],
                    "provider": "provider.aws"
                },
                "aws_lb_target_group_attachment.attachments.2": {
                    "type": "aws_lb_target_group_attachment",
                    "depends_on": [
                        "aws_instance.private_subnet_serv.*",
                        "aws_lb_target_group.main.*"
                    ],
                    "primary": {
                        "id": "arn:aws:elasticloadbalancing:us-east-1:758637906269:targetgroup/backend1/7ceba7536f3ff27c-20181109164728092500000001",
                        "attributes": {
                            "id": "arn:aws:elasticloadbalancing:us-east-1:758637906269:targetgroup/backend1/7ceba7536f3ff27c-20181109164728092500000001",
                            "port": "8080",
                            "target_group_arn": "arn:aws:elasticloadbalancing:us-east-1:758637906269:targetgroup/backend1/7ceba7536f3ff27c",
                            "target_id": "10.10.50.227"
                        },
                        "meta": {},
                        "tainted": false
                    },
                    "deposed": [],
                    "provider": "provider.aws"
                },
                "aws_nat_gateway.nat": {
                    "type": "aws_nat_gateway",
                    "depends_on": [
                        "aws_eip.nat_eip",
                        "aws_subnet.public_subnet"
                    ],
                    "primary": {
                        "id": "nat-0479761234a7a7b24",
                        "attributes": {
                            "allocation_id": "eipalloc-0838c192af40231a6",
                            "id": "nat-0479761234a7a7b24",
                            "network_interface_id": "eni-0ec59a83f4aa99f6a",
                            "private_ip": "10.10.35.197",
                            "public_ip": "54.166.197.209",
                            "subnet_id": "subnet-04a3e1af0c3573de9",
                            "tags.%": "0"
                        },
                        "meta": {},
                        "tainted": false
                    },
                    "deposed": [],
                    "provider": "provider.aws"
                },
                "aws_route_table.private-routing": {
                    "type": "aws_route_table",
                    "depends_on": [
                        "aws_nat_gateway.nat",
                        "aws_vpc.vpc"
                    ],
                    "primary": {
                        "id": "rtb-0faeb3cb70ff0aed4",
                        "attributes": {
                            "id": "rtb-0faeb3cb70ff0aed4",
                            "propagating_vgws.#": "0",
                            "route.#": "1",
                            "route.929756084.cidr_block": "0.0.0.0/0",
                            "route.929756084.egress_only_gateway_id": "",
                            "route.929756084.gateway_id": "",
                            "route.929756084.instance_id": "",
                            "route.929756084.ipv6_cidr_block": "",
                            "route.929756084.nat_gateway_id": "nat-0479761234a7a7b24",
                            "route.929756084.network_interface_id": "",
                            "route.929756084.vpc_peering_connection_id": "",
                            "tags.%": "2",
                            "tags.Environment": "tera",
                            "tags.Name": "tera-private-subnet-route",
                            "vpc_id": "vpc-0d678669732f30159"
                        },
                        "meta": {},
                        "tainted": false
                    },
                    "deposed": [],
                    "provider": "provider.aws"
                },
                "aws_route_table.public-routing": {
                    "type": "aws_route_table",
                    "depends_on": [
                        "aws_internet_gateway.internet_gateway",
                        "aws_vpc.vpc"
                    ],
                    "primary": {
                        "id": "rtb-07ec722c3a1523b60",
                        "attributes": {
                            "id": "rtb-07ec722c3a1523b60",
                            "propagating_vgws.#": "0",
                            "route.#": "1",
                            "route.1781083543.cidr_block": "0.0.0.0/0",
                            "route.1781083543.egress_only_gateway_id": "",
                            "route.1781083543.gateway_id": "igw-0ceade36575cbae6a",
                            "route.1781083543.instance_id": "",
                            "route.1781083543.ipv6_cidr_block": "",
                            "route.1781083543.nat_gateway_id": "",
                            "route.1781083543.network_interface_id": "",
                            "route.1781083543.vpc_peering_connection_id": "",
                            "tags.%": "2",
                            "tags.Environment": "tera",
                            "tags.Name": "tera-public-subnet-route",
                            "vpc_id": "vpc-0d678669732f30159"
                        },
                        "meta": {},
                        "tainted": false
                    },
                    "deposed": [],
                    "provider": "provider.aws"
                },
                "aws_route_table_association.private-routing-association.0": {
                    "type": "aws_route_table_association",
                    "depends_on": [
                        "aws_route_table.private-routing",
                        "aws_subnet.private_subnet.*"
                    ],
                    "primary": {
                        "id": "rtbassoc-0266154323acbdc76",
                        "attributes": {
                            "id": "rtbassoc-0266154323acbdc76",
                            "route_table_id": "rtb-0faeb3cb70ff0aed4",
                            "subnet_id": "subnet-08ab4d80870a542ea"
                        },
                        "meta": {},
                        "tainted": false
                    },
                    "deposed": [],
                    "provider": "provider.aws"
                },
                "aws_route_table_association.private-routing-association.1": {
                    "type": "aws_route_table_association",
                    "depends_on": [
                        "aws_route_table.private-routing",
                        "aws_subnet.private_subnet.*"
                    ],
                    "primary": {
                        "id": "rtbassoc-0920445907f3ad933",
                        "attributes": {
                            "id": "rtbassoc-0920445907f3ad933",
                            "route_table_id": "rtb-0faeb3cb70ff0aed4",
                            "subnet_id": "subnet-00e78a2640e89c3e3"
                        },
                        "meta": {},
                        "tainted": false
                    },
                    "deposed": [],
                    "provider": "provider.aws"
                },
                "aws_route_table_association.private-routing-association.2": {
                    "type": "aws_route_table_association",
                    "depends_on": [
                        "aws_route_table.private-routing",
                        "aws_subnet.private_subnet.*"
                    ],
                    "primary": {
                        "id": "rtbassoc-030068d6f0fa23c0c",
                        "attributes": {
                            "id": "rtbassoc-030068d6f0fa23c0c",
                            "route_table_id": "rtb-0faeb3cb70ff0aed4",
                            "subnet_id": "subnet-04312ca142f4c48a4"
                        },
                        "meta": {},
                        "tainted": false
                    },
                    "deposed": [],
                    "provider": "provider.aws"
                },
                "aws_route_table_association.public-routing-association": {
                    "type": "aws_route_table_association",
                    "depends_on": [
                        "aws_route_table.public-routing",
                        "aws_subnet.public_subnet"
                    ],
                    "primary": {
                        "id": "rtbassoc-0500406034976b3b8",
                        "attributes": {
                            "id": "rtbassoc-0500406034976b3b8",
                            "route_table_id": "rtb-07ec722c3a1523b60",
                            "subnet_id": "subnet-04a3e1af0c3573de9"
                        },
                        "meta": {},
                        "tainted": false
                    },
                    "deposed": [],
                    "provider": "provider.aws"
                },
                "aws_security_group.bastion": {
                    "type": "aws_security_group",
                    "depends_on": [
                        "aws_vpc.vpc"
                    ],
                    "primary": {
                        "id": "sg-04b2897ed994286cf",
                        "attributes": {
                            "arn": "arn:aws:ec2:us-east-1:758637906269:security-group/sg-04b2897ed994286cf",
                            "description": "Allows ssh from the world. This is our bastion. Google it.",
                            "egress.#": "1",
                            "egress.482069346.cidr_blocks.#": "1",
                            "egress.482069346.cidr_blocks.0": "0.0.0.0/0",
                            "egress.482069346.description": "",
                            "egress.482069346.from_port": "0",
                            "egress.482069346.ipv6_cidr_blocks.#": "0",
                            "egress.482069346.prefix_list_ids.#": "0",
                            "egress.482069346.protocol": "-1",
                            "egress.482069346.security_groups.#": "0",
                            "egress.482069346.self": "false",
                            "egress.482069346.to_port": "0",
                            "id": "sg-04b2897ed994286cf",
                            "ingress.#": "1",
                            "ingress.2541437006.cidr_blocks.#": "1",
                            "ingress.2541437006.cidr_blocks.0": "0.0.0.0/0",
                            "ingress.2541437006.description": "",
                            "ingress.2541437006.from_port": "22",
                            "ingress.2541437006.ipv6_cidr_blocks.#": "0",
                            "ingress.2541437006.prefix_list_ids.#": "0",
                            "ingress.2541437006.protocol": "tcp",
                            "ingress.2541437006.security_groups.#": "0",
                            "ingress.2541437006.self": "false",
                            "ingress.2541437006.to_port": "22",
                            "name": "tera-bastion-sg",
                            "owner_id": "758637906269",
                            "revoke_rules_on_delete": "false",
                            "tags.%": "2",
                            "tags.Environment": "tera",
                            "tags.Name": "tera-jump-sg",
                            "vpc_id": "vpc-0d678669732f30159"
                        },
                        "meta": {
                            "e2bfb730-ecaa-11e6-8f88-34363bc7c4c0": {
                                "create": 600000000000,
                                "delete": 600000000000
                            },
                            "schema_version": "1"
                        },
                        "tainted": false
                    },
                    "deposed": [],
                    "provider": "provider.aws"
                },
                "aws_security_group.elb": {
                    "type": "aws_security_group",
                    "depends_on": [
                        "aws_vpc.vpc"
                    ],
                    "primary": {
                        "id": "sg-0c308aedc8c359816",
                        "attributes": {
                            "arn": "arn:aws:ec2:us-east-1:758637906269:security-group/sg-0c308aedc8c359816",
                            "description": "Managed by Terraform",
                            "egress.#": "2",
                            "egress.2482231526.cidr_blocks.#": "1",
                            "egress.2482231526.cidr_blocks.0": "10.10.0.0/16",
                            "egress.2482231526.description": "",
                            "egress.2482231526.from_port": "80",
                            "egress.2482231526.ipv6_cidr_blocks.#": "0",
                            "egress.2482231526.prefix_list_ids.#": "0",
                            "egress.2482231526.protocol": "tcp",
                            "egress.2482231526.security_groups.#": "0",
                            "egress.2482231526.self": "false",
                            "egress.2482231526.to_port": "80",
                            "egress.421739568.cidr_blocks.#": "1",
                            "egress.421739568.cidr_blocks.0": "10.10.0.0/16",
                            "egress.421739568.description": "",
                            "egress.421739568.from_port": "8000",
                            "egress.421739568.ipv6_cidr_blocks.#": "0",
                            "egress.421739568.prefix_list_ids.#": "0",
                            "egress.421739568.protocol": "tcp",
                            "egress.421739568.security_groups.#": "0",
                            "egress.421739568.self": "false",
                            "egress.421739568.to_port": "8000",
                            "id": "sg-0c308aedc8c359816",
                            "ingress.#": "3",
                            "ingress.2214680975.cidr_blocks.#": "1",
                            "ingress.2214680975.cidr_blocks.0": "0.0.0.0/0",
                            "ingress.2214680975.description": "",
                            "ingress.2214680975.from_port": "80",
                            "ingress.2214680975.ipv6_cidr_blocks.#": "0",
                            "ingress.2214680975.prefix_list_ids.#": "0",
                            "ingress.2214680975.protocol": "tcp",
                            "ingress.2214680975.security_groups.#": "0",
                            "ingress.2214680975.self": "false",
                            "ingress.2214680975.to_port": "80",
                            "ingress.2617001939.cidr_blocks.#": "1",
                            "ingress.2617001939.cidr_blocks.0": "0.0.0.0/0",
                            "ingress.2617001939.description": "",
                            "ingress.2617001939.from_port": "443",
                            "ingress.2617001939.ipv6_cidr_blocks.#": "0",
                            "ingress.2617001939.prefix_list_ids.#": "0",
                            "ingress.2617001939.protocol": "tcp",
                            "ingress.2617001939.security_groups.#": "0",
                            "ingress.2617001939.self": "false",
                            "ingress.2617001939.to_port": "443",
                            "ingress.991618304.cidr_blocks.#": "1",
                            "ingress.991618304.cidr_blocks.0": "10.10.0.0/16",
                            "ingress.991618304.description": "",
                            "ingress.991618304.from_port": "-1",
                            "ingress.991618304.ipv6_cidr_blocks.#": "0",
                            "ingress.991618304.prefix_list_ids.#": "0",
                            "ingress.991618304.protocol": "icmp",
                            "ingress.991618304.security_groups.#": "0",
                            "ingress.991618304.self": "false",
                            "ingress.991618304.to_port": "-1",
                            "name": "tera-elb-sg",
                            "owner_id": "758637906269",
                            "revoke_rules_on_delete": "false",
                            "tags.%": "2",
                            "tags.Environment": "tera",
                            "tags.Name": "tera-elb-sg",
                            "vpc_id": "vpc-0d678669732f30159"
                        },
                        "meta": {
                            "e2bfb730-ecaa-11e6-8f88-34363bc7c4c0": {
                                "create": 600000000000,
                                "delete": 600000000000
                            },
                            "schema_version": "1"
                        },
                        "tainted": false
                    },
                    "deposed": [],
                    "provider": "provider.aws"
                },
                "aws_security_group.private-subnet-serv": {
                    "type": "aws_security_group",
                    "depends_on": [
                        "aws_security_group.bastion",
                        "aws_vpc.vpc"
                    ],
                    "primary": {
                        "id": "sg-0230ab54786bad5ee",
                        "attributes": {
                            "arn": "arn:aws:ec2:us-east-1:758637906269:security-group/sg-0230ab54786bad5ee",
                            "description": "Managed by Terraform",
                            "egress.#": "2",
                            "egress.2214680975.cidr_blocks.#": "1",
                            "egress.2214680975.cidr_blocks.0": "0.0.0.0/0",
                            "egress.2214680975.description": "",
                            "egress.2214680975.from_port": "80",
                            "egress.2214680975.ipv6_cidr_blocks.#": "0",
                            "egress.2214680975.prefix_list_ids.#": "0",
                            "egress.2214680975.protocol": "tcp",
                            "egress.2214680975.security_groups.#": "0",
                            "egress.2214680975.self": "false",
                            "egress.2214680975.to_port": "80",
                            "egress.2617001939.cidr_blocks.#": "1",
                            "egress.2617001939.cidr_blocks.0": "0.0.0.0/0",
                            "egress.2617001939.description": "",
                            "egress.2617001939.from_port": "443",
                            "egress.2617001939.ipv6_cidr_blocks.#": "0",
                            "egress.2617001939.prefix_list_ids.#": "0",
                            "egress.2617001939.protocol": "tcp",
                            "egress.2617001939.security_groups.#": "0",
                            "egress.2617001939.self": "false",
                            "egress.2617001939.to_port": "443",
                            "id": "sg-0230ab54786bad5ee",
                            "ingress.#": "3",
                            "ingress.2482231526.cidr_blocks.#": "1",
                            "ingress.2482231526.cidr_blocks.0": "10.10.0.0/16",
                            "ingress.2482231526.description": "",
                            "ingress.2482231526.from_port": "80",
                            "ingress.2482231526.ipv6_cidr_blocks.#": "0",
                            "ingress.2482231526.prefix_list_ids.#": "0",
                            "ingress.2482231526.protocol": "tcp",
                            "ingress.2482231526.security_groups.#": "0",
                            "ingress.2482231526.self": "false",
                            "ingress.2482231526.to_port": "80",
                            "ingress.3405914107.cidr_blocks.#": "0",
                            "ingress.3405914107.description": "",
                            "ingress.3405914107.from_port": "22",
                            "ingress.3405914107.ipv6_cidr_blocks.#": "0",
                            "ingress.3405914107.prefix_list_ids.#": "0",
                            "ingress.3405914107.protocol": "tcp",
                            "ingress.3405914107.security_groups.#": "1",
                            "ingress.3405914107.security_groups.2749103456": "sg-04b2897ed994286cf",
                            "ingress.3405914107.self": "false",
                            "ingress.3405914107.to_port": "22",
                            "ingress.991618304.cidr_blocks.#": "1",
                            "ingress.991618304.cidr_blocks.0": "10.10.0.0/16",
                            "ingress.991618304.description": "",
                            "ingress.991618304.from_port": "-1",
                            "ingress.991618304.ipv6_cidr_blocks.#": "0",
                            "ingress.991618304.prefix_list_ids.#": "0",
                            "ingress.991618304.protocol": "icmp",
                            "ingress.991618304.security_groups.#": "0",
                            "ingress.991618304.self": "false",
                            "ingress.991618304.to_port": "-1",
                            "name": "tera-private-sg",
                            "owner_id": "758637906269",
                            "revoke_rules_on_delete": "false",
                            "tags.%": "2",
                            "tags.Environment": "tera",
                            "tags.Name": "tera-private-sg",
                            "vpc_id": "vpc-0d678669732f30159"
                        },
                        "meta": {
                            "e2bfb730-ecaa-11e6-8f88-34363bc7c4c0": {
                                "create": 600000000000,
                                "delete": 600000000000
                            },
                            "schema_version": "1"
                        },
                        "tainted": false
                    },
                    "deposed": [],
                    "provider": "provider.aws"
                },
                "aws_security_group.public-subnet-serv": {
                    "type": "aws_security_group",
                    "depends_on": [
                        "aws_security_group.bastion",
                        "aws_vpc.vpc"
                    ],
                    "primary": {
                        "id": "sg-06248a79166bfe3f4",
                        "attributes": {
                            "arn": "arn:aws:ec2:us-east-1:758637906269:security-group/sg-06248a79166bfe3f4",
                            "description": "Managed by Terraform",
                            "egress.#": "2",
                            "egress.2214680975.cidr_blocks.#": "1",
                            "egress.2214680975.cidr_blocks.0": "0.0.0.0/0",
                            "egress.2214680975.description": "",
                            "egress.2214680975.from_port": "80",
                            "egress.2214680975.ipv6_cidr_blocks.#": "0",
                            "egress.2214680975.prefix_list_ids.#": "0",
                            "egress.2214680975.protocol": "tcp",
                            "egress.2214680975.security_groups.#": "0",
                            "egress.2214680975.self": "false",
                            "egress.2214680975.to_port": "80",
                            "egress.2617001939.cidr_blocks.#": "1",
                            "egress.2617001939.cidr_blocks.0": "0.0.0.0/0",
                            "egress.2617001939.description": "",
                            "egress.2617001939.from_port": "443",
                            "egress.2617001939.ipv6_cidr_blocks.#": "0",
                            "egress.2617001939.prefix_list_ids.#": "0",
                            "egress.2617001939.protocol": "tcp",
                            "egress.2617001939.security_groups.#": "0",
                            "egress.2617001939.self": "false",
                            "egress.2617001939.to_port": "443",
                            "id": "sg-06248a79166bfe3f4",
                            "ingress.#": "3",
                            "ingress.2482231526.cidr_blocks.#": "1",
                            "ingress.2482231526.cidr_blocks.0": "10.10.0.0/16",
                            "ingress.2482231526.description": "",
                            "ingress.2482231526.from_port": "80",
                            "ingress.2482231526.ipv6_cidr_blocks.#": "0",
                            "ingress.2482231526.prefix_list_ids.#": "0",
                            "ingress.2482231526.protocol": "tcp",
                            "ingress.2482231526.security_groups.#": "0",
                            "ingress.2482231526.self": "false",
                            "ingress.2482231526.to_port": "80",
                            "ingress.3405914107.cidr_blocks.#": "0",
                            "ingress.3405914107.description": "",
                            "ingress.3405914107.from_port": "22",
                            "ingress.3405914107.ipv6_cidr_blocks.#": "0",
                            "ingress.3405914107.prefix_list_ids.#": "0",
                            "ingress.3405914107.protocol": "tcp",
                            "ingress.3405914107.security_groups.#": "1",
                            "ingress.3405914107.security_groups.2749103456": "sg-04b2897ed994286cf",
                            "ingress.3405914107.self": "false",
                            "ingress.3405914107.to_port": "22",
                            "ingress.991618304.cidr_blocks.#": "1",
                            "ingress.991618304.cidr_blocks.0": "10.10.0.0/16",
                            "ingress.991618304.description": "",
                            "ingress.991618304.from_port": "-1",
                            "ingress.991618304.ipv6_cidr_blocks.#": "0",
                            "ingress.991618304.prefix_list_ids.#": "0",
                            "ingress.991618304.protocol": "icmp",
                            "ingress.991618304.security_groups.#": "0",
                            "ingress.991618304.self": "false",
                            "ingress.991618304.to_port": "-1",
                            "name": "tera-web-sg",
                            "owner_id": "758637906269",
                            "revoke_rules_on_delete": "false",
                            "tags.%": "2",
                            "tags.Environment": "tera",
                            "tags.Name": "tera-web-sg",
                            "vpc_id": "vpc-0d678669732f30159"
                        },
                        "meta": {
                            "e2bfb730-ecaa-11e6-8f88-34363bc7c4c0": {
                                "create": 600000000000,
                                "delete": 600000000000
                            },
                            "schema_version": "1"
                        },
                        "tainted": false
                    },
                    "deposed": [],
                    "provider": "provider.aws"
                },
                "aws_subnet.private_subnet.0": {
                    "type": "aws_subnet",
                    "depends_on": [
                        "aws_vpc.vpc"
                    ],
                    "primary": {
                        "id": "subnet-08ab4d80870a542ea",
                        "attributes": {
                            "arn": "arn:aws:ec2:us-east-1:758637906269:subnet/subnet-08ab4d80870a542ea",
                            "assign_ipv6_address_on_creation": "false",
                            "availability_zone": "us-east-1a",
                            "cidr_block": "10.10.30.0/24",
                            "id": "subnet-08ab4d80870a542ea",
                            "map_public_ip_on_launch": "false",
                            "tags.%": "2",
                            "tags.Environment": "tera",
                            "tags.Name": "tera-private-subnet",
                            "vpc_id": "vpc-0d678669732f30159"
                        },
                        "meta": {
                            "e2bfb730-ecaa-11e6-8f88-34363bc7c4c0": {
                                "create": 600000000000,
                                "delete": 600000000000
                            },
                            "schema_version": "1"
                        },
                        "tainted": false
                    },
                    "deposed": [],
                    "provider": "provider.aws"
                },
                "aws_subnet.private_subnet.1": {
                    "type": "aws_subnet",
                    "depends_on": [
                        "aws_vpc.vpc"
                    ],
                    "primary": {
                        "id": "subnet-00e78a2640e89c3e3",
                        "attributes": {
                            "arn": "arn:aws:ec2:us-east-1:758637906269:subnet/subnet-00e78a2640e89c3e3",
                            "assign_ipv6_address_on_creation": "false",
                            "availability_zone": "us-east-1b",
                            "cidr_block": "10.10.40.0/24",
                            "id": "subnet-00e78a2640e89c3e3",
                            "map_public_ip_on_launch": "false",
                            "tags.%": "2",
                            "tags.Environment": "tera",
                            "tags.Name": "tera-private-subnet",
                            "vpc_id": "vpc-0d678669732f30159"
                        },
                        "meta": {
                            "e2bfb730-ecaa-11e6-8f88-34363bc7c4c0": {
                                "create": 600000000000,
                                "delete": 600000000000
                            },
                            "schema_version": "1"
                        },
                        "tainted": false
                    },
                    "deposed": [],
                    "provider": "provider.aws"
                },
                "aws_subnet.private_subnet.2": {
                    "type": "aws_subnet",
                    "depends_on": [
                        "aws_vpc.vpc"
                    ],
                    "primary": {
                        "id": "subnet-04312ca142f4c48a4",
                        "attributes": {
                            "arn": "arn:aws:ec2:us-east-1:758637906269:subnet/subnet-04312ca142f4c48a4",
                            "assign_ipv6_address_on_creation": "false",
                            "availability_zone": "us-east-1c",
                            "cidr_block": "10.10.50.0/24",
                            "id": "subnet-04312ca142f4c48a4",
                            "map_public_ip_on_launch": "false",
                            "tags.%": "2",
                            "tags.Environment": "tera",
                            "tags.Name": "tera-private-subnet",
                            "vpc_id": "vpc-0d678669732f30159"
                        },
                        "meta": {
                            "e2bfb730-ecaa-11e6-8f88-34363bc7c4c0": {
                                "create": 600000000000,
                                "delete": 600000000000
                            },
                            "schema_version": "1"
                        },
                        "tainted": false
                    },
                    "deposed": [],
                    "provider": "provider.aws"
                },
                "aws_subnet.public_subnet": {
                    "type": "aws_subnet",
                    "depends_on": [
                        "aws_vpc.vpc"
                    ],
                    "primary": {
                        "id": "subnet-04a3e1af0c3573de9",
                        "attributes": {
                            "arn": "arn:aws:ec2:us-east-1:758637906269:subnet/subnet-04a3e1af0c3573de9",
                            "assign_ipv6_address_on_creation": "false",
                            "availability_zone": "us-east-1a",
                            "cidr_block": "10.10.35.0/24",
                            "id": "subnet-04a3e1af0c3573de9",
                            "map_public_ip_on_launch": "false",
                            "tags.%": "2",
                            "tags.Environment": "tera",
                            "tags.Name": "tera-public-subnet",
                            "vpc_id": "vpc-0d678669732f30159"
                        },
                        "meta": {
                            "e2bfb730-ecaa-11e6-8f88-34363bc7c4c0": {
                                "create": 600000000000,
                                "delete": 600000000000
                            },
                            "schema_version": "1"
                        },
                        "tainted": false
                    },
                    "deposed": [],
                    "provider": "provider.aws"
                },
                "aws_vpc.vpc": {
                    "type": "aws_vpc",
                    "depends_on": [],
                    "primary": {
                        "id": "vpc-0d678669732f30159",
                        "attributes": {
                            "arn": "arn:aws:ec2:us-east-1:758637906269:vpc/vpc-0d678669732f30159",
                            "assign_generated_ipv6_cidr_block": "false",
                            "cidr_block": "10.10.0.0/16",
                            "default_network_acl_id": "acl-0457c0411023bbdc4",
                            "default_route_table_id": "rtb-02ef2b95378cd77d7",
                            "default_security_group_id": "sg-02608f874e1a02106",
                            "dhcp_options_id": "dopt-9c32aee7",
                            "enable_classiclink": "false",
                            "enable_classiclink_dns_support": "false",
                            "enable_dns_hostnames": "true",
                            "enable_dns_support": "true",
                            "id": "vpc-0d678669732f30159",
                            "instance_tenancy": "default",
                            "main_route_table_id": "rtb-02ef2b95378cd77d7",
                            "tags.%": "2",
                            "tags.Environment": "tera",
                            "tags.Name": "tera-vpc"
                        },
                        "meta": {
                            "schema_version": "1"
                        },
                        "tainted": false
                    },
                    "deposed": [],
                    "provider": "provider.aws"
                },
                "data.template_file.userdata": {
                    "type": "template_file",
                    "depends_on": [],
                    "primary": {
                        "id": "f6820d5c51c89bb86b1a115e2571213df241e0cf10a7ef22d90061b86f2fd412",
                        "attributes": {
                            "id": "f6820d5c51c89bb86b1a115e2571213df241e0cf10a7ef22d90061b86f2fd412",
                            "rendered": "#!/bin/bash\r\necho ECS_CLUSTER=tera-ecs-cluster \u003e\u003e /etc/ecs/ecs.config\r\n",
                            "template": "#!/bin/bash\r\necho ECS_CLUSTER=${ecs_cluster_name} \u003e\u003e /etc/ecs/ecs.config\r\n",
                            "vars.%": "1",
                            "vars.ecs_cluster_name": "tera-ecs-cluster"
                        },
                        "meta": {},
                        "tainted": false
                    },
                    "deposed": [],
                    "provider": "provider.template"
                }
            },
            "depends_on": []
        }
    ]
}
