{
    "version": 3,
    "terraform_version": "0.9.4",
    "serial": 41,
    "lineage": "45e666bb-d43f-4000-a084-c8b4f38e1091",
    "modules": [
        {
            "path": [
                "root"
            ],
            "outputs": {},
            "resources": {
                "aws_iam_instance_profile.ECSRoleToEC2": {
                    "type": "aws_iam_instance_profile",
                    "depends_on": [
                        "aws_iam_role.ecs"
                    ],
                    "primary": {
                        "id": "ECSRoleToEC2",
                        "attributes": {
                            "arn": "arn:aws:iam::141132269836:instance-profile/ECSRoleToEC2",
                            "id": "ECSRoleToEC2",
                            "name": "ECSRoleToEC2",
                            "path": "/",
                            "role": "ecs_role",
                            "roles.#": "1",
                            "roles.112154061": "ecs_role",
                            "unique_id": "AIPAIDPTZZWHVUGAA7QVC"
                        },
                        "meta": {},
                        "tainted": false
                    },
                    "deposed": [],
                    "provider": ""
                },
                "aws_iam_role.ecs": {
                    "type": "aws_iam_role",
                    "depends_on": [],
                    "primary": {
                        "id": "ecs_role",
                        "attributes": {
                            "arn": "arn:aws:iam::141132269836:role/ecs_role",
                            "assume_role_policy": "{\"Version\":\"2012-10-17\",\"Statement\":[{\"Sid\":\"\",\"Effect\":\"Allow\",\"Principal\":{\"Service\":\"ecs.amazonaws.com\"},\"Action\":\"sts:AssumeRole\"}]}",
                            "create_date": "2017-06-30T15:47:00Z",
                            "id": "ecs_role",
                            "name": "ecs_role",
                            "path": "/",
                            "unique_id": "AROAIZUZ5DLFJFUV7A65M"
                        },
                        "meta": {},
                        "tainted": false
                    },
                    "deposed": [],
                    "provider": ""
                },
                "aws_key_pair.ssh_key_pair": {
                    "type": "aws_key_pair",
                    "depends_on": [],
                    "primary": {
                        "id": "Testing_keypair",
                        "attributes": {
                            "fingerprint": "cb:ff:0f:f3:04:0a:ca:99:e9:e2:1a:69:e0:95:11:07",
                            "id": "Testing_keypair",
                            "key_name": "Testing_keypair",
                            "public_key": "ssh-rsa AAAAB3NzaC1yc2EAAAADAQABAAABAQCGVO/NzYefgoZIlQAgyRCbL8lrGz4Cif+FhEKhZcJgzo9E6PhrnJ9FlR41H8RUBVsv9qhXo/6A5JdqlOlAFsxeo8nzBjZhydbNkIRPx4eBu4fcP7JPQJj0XQkkBAHYneoLCMbzrwzlCxTS5nCRmCn1ebIaIybpXelQlkVLEn9U6TbI52+TAYIfx9JiOkRCH1OJSSb1KKpFyt4RL1n+kbuTXmtbzRtRheKeWc8xVefeTcZdEKSTyL39tFvrUkTrV8ecXsiisKBJy5ICm05MoWniVyK/1oAKHq+vfLHWdDVfgd2jBHrf+WgLbOpX7oXOWDcnPj0YqsEkRdGWHEFi9L1f imported-openssh-key"
                        },
                        "meta": {
                            "schema_version": "1"
                        },
                        "tainted": false
                    },
                    "deposed": [],
                    "provider": ""
                },
                "aws_security_group.bastion": {
                    "type": "aws_security_group",
                    "depends_on": [
                        "aws_vpc.vpc"
                    ],
                    "primary": {
                        "id": "sg-ca0ff7b0",
                        "attributes": {
                            "description": "Allows ssh from the world. This is our bastion. Google it.",
                            "egress.#": "1",
                            "egress.482069346.cidr_blocks.#": "1",
                            "egress.482069346.cidr_blocks.0": "0.0.0.0/0",
                            "egress.482069346.from_port": "0",
                            "egress.482069346.ipv6_cidr_blocks.#": "0",
                            "egress.482069346.prefix_list_ids.#": "0",
                            "egress.482069346.protocol": "-1",
                            "egress.482069346.security_groups.#": "0",
                            "egress.482069346.self": "false",
                            "egress.482069346.to_port": "0",
                            "id": "sg-ca0ff7b0",
                            "ingress.#": "1",
                            "ingress.2541437006.cidr_blocks.#": "1",
                            "ingress.2541437006.cidr_blocks.0": "0.0.0.0/0",
                            "ingress.2541437006.from_port": "22",
                            "ingress.2541437006.ipv6_cidr_blocks.#": "0",
                            "ingress.2541437006.protocol": "tcp",
                            "ingress.2541437006.security_groups.#": "0",
                            "ingress.2541437006.self": "false",
                            "ingress.2541437006.to_port": "22",
                            "name": "tera-bastion-sg",
                            "owner_id": "141132269836",
                            "tags.%": "2",
                            "tags.Environment": "tera",
                            "tags.Name": "tera-jump-sg",
                            "vpc_id": "vpc-e43dc482"
                        },
                        "meta": {},
                        "tainted": false
                    },
                    "deposed": [],
                    "provider": ""
                },
                "aws_security_group.private-subnet-serv": {
                    "type": "aws_security_group",
                    "depends_on": [
                        "aws_security_group.bastion",
                        "aws_vpc.vpc"
                    ],
                    "primary": {
                        "id": "sg-5b05fd21",
                        "attributes": {
                            "description": "Managed by Terraform",
                            "egress.#": "2",
                            "egress.2214680975.cidr_blocks.#": "1",
                            "egress.2214680975.cidr_blocks.0": "0.0.0.0/0",
                            "egress.2214680975.from_port": "80",
                            "egress.2214680975.ipv6_cidr_blocks.#": "0",
                            "egress.2214680975.prefix_list_ids.#": "0",
                            "egress.2214680975.protocol": "tcp",
                            "egress.2214680975.security_groups.#": "0",
                            "egress.2214680975.self": "false",
                            "egress.2214680975.to_port": "80",
                            "egress.2617001939.cidr_blocks.#": "1",
                            "egress.2617001939.cidr_blocks.0": "0.0.0.0/0",
                            "egress.2617001939.from_port": "443",
                            "egress.2617001939.ipv6_cidr_blocks.#": "0",
                            "egress.2617001939.prefix_list_ids.#": "0",
                            "egress.2617001939.protocol": "tcp",
                            "egress.2617001939.security_groups.#": "0",
                            "egress.2617001939.self": "false",
                            "egress.2617001939.to_port": "443",
                            "id": "sg-5b05fd21",
                            "ingress.#": "3",
                            "ingress.2482231526.cidr_blocks.#": "1",
                            "ingress.2482231526.cidr_blocks.0": "10.10.0.0/16",
                            "ingress.2482231526.from_port": "80",
                            "ingress.2482231526.ipv6_cidr_blocks.#": "0",
                            "ingress.2482231526.protocol": "tcp",
                            "ingress.2482231526.security_groups.#": "0",
                            "ingress.2482231526.self": "false",
                            "ingress.2482231526.to_port": "80",
                            "ingress.324753190.cidr_blocks.#": "0",
                            "ingress.324753190.from_port": "22",
                            "ingress.324753190.ipv6_cidr_blocks.#": "0",
                            "ingress.324753190.protocol": "tcp",
                            "ingress.324753190.security_groups.#": "1",
                            "ingress.324753190.security_groups.1662318825": "sg-ca0ff7b0",
                            "ingress.324753190.self": "false",
                            "ingress.324753190.to_port": "22",
                            "ingress.991618304.cidr_blocks.#": "1",
                            "ingress.991618304.cidr_blocks.0": "10.10.0.0/16",
                            "ingress.991618304.from_port": "-1",
                            "ingress.991618304.ipv6_cidr_blocks.#": "0",
                            "ingress.991618304.protocol": "icmp",
                            "ingress.991618304.security_groups.#": "0",
                            "ingress.991618304.self": "false",
                            "ingress.991618304.to_port": "-1",
                            "name": "tera-private-sg",
                            "owner_id": "141132269836",
                            "tags.%": "2",
                            "tags.Environment": "tera",
                            "tags.Name": "tera-private-sg",
                            "vpc_id": "vpc-e43dc482"
                        },
                        "meta": {},
                        "tainted": false
                    },
                    "deposed": [],
                    "provider": ""
                },
                "aws_subnet.private_subnet": {
                    "type": "aws_subnet",
                    "depends_on": [
                        "aws_vpc.vpc"
                    ],
                    "primary": {
                        "id": "subnet-42020825",
                        "attributes": {
                            "assign_ipv6_address_on_creation": "false",
                            "availability_zone": "us-west-2a",
                            "cidr_block": "10.10.30.0/24",
                            "id": "subnet-42020825",
                            "map_public_ip_on_launch": "false",
                            "tags.%": "2",
                            "tags.Environment": "tera",
                            "tags.Name": "tera-private-subnet",
                            "vpc_id": "vpc-e43dc482"
                        },
                        "meta": {
                            "schema_version": "1"
                        },
                        "tainted": false
                    },
                    "deposed": [],
                    "provider": ""
                },
                "aws_subnet.public_subnet": {
                    "type": "aws_subnet",
                    "depends_on": [
                        "aws_vpc.vpc"
                    ],
                    "primary": {
                        "id": "subnet-8f0f05e8",
                        "attributes": {
                            "assign_ipv6_address_on_creation": "false",
                            "availability_zone": "us-west-2a",
                            "cidr_block": "10.10.35.0/24",
                            "id": "subnet-8f0f05e8",
                            "map_public_ip_on_launch": "false",
                            "tags.%": "2",
                            "tags.Environment": "tera",
                            "tags.Name": "tera-public-subnet",
                            "vpc_id": "vpc-e43dc482"
                        },
                        "meta": {
                            "schema_version": "1"
                        },
                        "tainted": false
                    },
                    "deposed": [],
                    "provider": ""
                },
                "aws_vpc.vpc": {
                    "type": "aws_vpc",
                    "depends_on": [],
                    "primary": {
                        "id": "vpc-e43dc482",
                        "attributes": {
                            "assign_generated_ipv6_cidr_block": "false",
                            "cidr_block": "10.10.0.0/16",
                            "default_network_acl_id": "acl-ef1a9d89",
                            "default_route_table_id": "rtb-aac387cc",
                            "default_security_group_id": "sg-5a03fb20",
                            "dhcp_options_id": "dopt-70f93c17",
                            "enable_classiclink": "false",
                            "enable_dns_hostnames": "true",
                            "enable_dns_support": "true",
                            "id": "vpc-e43dc482",
                            "instance_tenancy": "default",
                            "main_route_table_id": "rtb-aac387cc",
                            "tags.%": "2",
                            "tags.Environment": "tera",
                            "tags.Name": "tera-vpc"
                        },
                        "meta": {
                            "schema_version": "1"
                        },
                        "tainted": false
                    },
                    "deposed": [],
                    "provider": ""
                },
                "data.template_file.userdata": {
                    "type": "template_file",
                    "depends_on": [],
                    "primary": {
                        "id": "5b243c6c13f74549cee8a9d0f6705859a73628ae4e6d916bb0ab47ebfb0387b6",
                        "attributes": {
                            "id": "5b243c6c13f74549cee8a9d0f6705859a73628ae4e6d916bb0ab47ebfb0387b6",
                            "rendered": "#!/bin/bash\r\necho ECS_CLUSTER=tera-ecs-cluster \u003e\u003e /etc/ecs/ecs.config",
                            "template": "#!/bin/bash\r\necho ECS_CLUSTER=${ecs_cluster_name} \u003e\u003e /etc/ecs/ecs.config",
                            "vars.%": "1",
                            "vars.ecs_cluster_name": "tera-ecs-cluster"
                        },
                        "meta": {},
                        "tainted": false
                    },
                    "deposed": [],
                    "provider": ""
                }
            },
            "depends_on": []
        }
    ]
}
